{
  "name": "la-vie-parcel",
  "version": "1.0.0",
  "lockfileVersion": 3,
  "requires": true,
  "packages": {
    "": {
      "name": "la-vie-parcel",
      "version": "1.0.0",
      "license": "ISC",
      "dependencies": {
        "lodash": "^4.17.21",
        "simplelightbox": "^2.14.3"
      }
    },
    "node_modules/lodash": {
      "version": "4.17.21",
      "resolved": "https://registry.npmjs.org/lodash/-/lodash-4.17.21.tgz",
      "integrity": "sha512-v2kDEe57lecTulaDIuNTPy3Ry4gLGJ6Z1O3vE1krgXZNrsQ+LFTGHVxVjcXPs17LhbZVGedAJv8XZ1tvj5FvSg=="
    },
    "node_modules/simplelightbox": {
      "version": "2.14.3",
      "resolved": "https://registry.npmjs.org/simplelightbox/-/simplelightbox-2.14.3.tgz",
      "integrity": "sha512-k2MxHsoRoFDPumO7KTPyqvUPtXAnykCuEZ5xQ7YN8Jq4XF+QLyhWVblXLRCYMRp4+TiNR7PCrcpocW7oQmgSQQ=="
    }
  }
}
